
Microsoft Visual Studio Solution File, Format Version 12.00
# Visual Studio Version 17
VisualStudioVersion = 17.14.36401.2 d17.14
MinimumVisualStudioVersion = 10.0.40219.1
Project("{FAE04EC0-301F-11D3-BF4B-00C04F79EFBC}") = "PMetodos", "PMetodos\PMetodos.csproj", "{F2F8122F-B425-45AD-9EE0-664D82D6A533}"
EndProject
Global
	GlobalSection(SolutionConfigurationPlatforms) = preSolution
		Debug|Any CPU = Debug|Any CPU
		Release|Any CPU = Release|Any CPU
	EndGlobalSection
	GlobalSection(ProjectConfigurationPlatforms) = postSolution
		{F2F8122F-B425-45AD-9EE0-664D82D6A533}.Debug|Any CPU.ActiveCfg = Debug|Any CPU
		{F2F8122F-B425-45AD-9EE0-664D82D6A533}.Debug|Any CPU.Build.0 = Debug|Any CPU
		{F2F8122F-B425-45AD-9EE0-664D82D6A533}.Release|Any CPU.ActiveCfg = Release|Any CPU
		{F2F8122F-B425-45AD-9EE0-664D82D6A533}.Release|Any CPU.Build.0 = Release|Any CPU
	EndGlobalSection
	GlobalSection(SolutionProperties) = preSolution
		HideSolutionNode = FALSE
	EndGlobalSection
	GlobalSection(ExtensibilityGlobals) = postSolution
		SolutionGuid = {74C4A0E2-75C4-468A-A7E7-BD11A91119C9}
	EndGlobalSection
EndGlobal
